
Microsoft Visual Studio Solution File, Format Version 12.00
# Visual Studio Version 17
VisualStudioVersion = 17.5.33627.172
MinimumVisualStudioVersion = 10.0.40219.1
Project("{FAE04EC0-301F-11D3-BF4B-00C04F79EFBC}") = "SQLSharpEditor", "SQLSharpEditor\SQLSharpEditor.csproj", "{BD3EBD06-EF32-424E-AFFA-5779FD0CC013}"
EndProject
Global
	GlobalSection(SolutionConfigurationPlatforms) = preSolution
		Debug|Any CPU = Debug|Any CPU
		Release|Any CPU = Release|Any CPU
	EndGlobalSection
	GlobalSection(ProjectConfigurationPlatforms) = postSolution
		{BD3EBD06-EF32-424E-AFFA-5779FD0CC013}.Debug|Any CPU.ActiveCfg = Debug|Any CPU
		{BD3EBD06-EF32-424E-AFFA-5779FD0CC013}.Debug|Any CPU.Build.0 = Debug|Any CPU
		{BD3EBD06-EF32-424E-AFFA-5779FD0CC013}.Release|Any CPU.ActiveCfg = Release|Any CPU
		{BD3EBD06-EF32-424E-AFFA-5779FD0CC013}.Release|Any CPU.Build.0 = Release|Any CPU
	EndGlobalSection
	GlobalSection(SolutionProperties) = preSolution
		HideSolutionNode = FALSE
	EndGlobalSection
	GlobalSection(ExtensibilityGlobals) = postSolution
		SolutionGuid = {08F26126-263C-48B2-9DCD-E35623AF9393}
	EndGlobalSection
EndGlobal
